
Microsoft Visual Studio Solution File, Format Version 12.00
# Visual Studio 15
VisualStudioVersion = 15.0.27703.2035
MinimumVisualStudioVersion = 10.0.40219.1
Project("{8BC9CEB8-8B4A-11D0-8D11-00A0C91BC942}") = "D3D9Engine", "D3D9Engine\D3D9Engine.vcxproj", "{BBF77540-1549-412A-A561-175C3D681D66}"
EndProject
Project("{8BC9CEB8-8B4A-11D0-8D11-00A0C91BC942}") = "TexAlpha", "..\..\Part II Code\Chapter 7\texAlpha\TexAlpha.vcxproj", "{6CA0FBA0-C816-47A8-901B-D38825F1A102}"
EndProject
Global
	GlobalSection(SolutionConfigurationPlatforms) = preSolution
		Debug|x64 = Debug|x64
		Debug|x86 = Debug|x86
		Release|x64 = Release|x64
		Release|x86 = Release|x86
	EndGlobalSection
	GlobalSection(ProjectConfigurationPlatforms) = postSolution
		{BBF77540-1549-412A-A561-175C3D681D66}.Debug|x64.ActiveCfg = Debug|x64
		{BBF77540-1549-412A-A561-175C3D681D66}.Debug|x64.Build.0 = Debug|x64
		{BBF77540-1549-412A-A561-175C3D681D66}.Debug|x86.ActiveCfg = Debug|Win32
		{BBF77540-1549-412A-A561-175C3D681D66}.Debug|x86.Build.0 = Debug|Win32
		{BBF77540-1549-412A-A561-175C3D681D66}.Release|x64.ActiveCfg = Release|x64
		{BBF77540-1549-412A-A561-175C3D681D66}.Release|x64.Build.0 = Release|x64
		{BBF77540-1549-412A-A561-175C3D681D66}.Release|x86.ActiveCfg = Release|Win32
		{BBF77540-1549-412A-A561-175C3D681D66}.Release|x86.Build.0 = Release|Win32
		{6CA0FBA0-C816-47A8-901B-D38825F1A102}.Debug|x64.ActiveCfg = Debug|x64
		{6CA0FBA0-C816-47A8-901B-D38825F1A102}.Debug|x64.Build.0 = Debug|x64
		{6CA0FBA0-C816-47A8-901B-D38825F1A102}.Debug|x86.ActiveCfg = Debug|Win32
		{6CA0FBA0-C816-47A8-901B-D38825F1A102}.Debug|x86.Build.0 = Debug|Win32
		{6CA0FBA0-C816-47A8-901B-D38825F1A102}.Release|x64.ActiveCfg = Release|x64
		{6CA0FBA0-C816-47A8-901B-D38825F1A102}.Release|x64.Build.0 = Release|x64
		{6CA0FBA0-C816-47A8-901B-D38825F1A102}.Release|x86.ActiveCfg = Release|Win32
		{6CA0FBA0-C816-47A8-901B-D38825F1A102}.Release|x86.Build.0 = Release|Win32
	EndGlobalSection
	GlobalSection(SolutionProperties) = preSolution
		HideSolutionNode = FALSE
	EndGlobalSection
	GlobalSection(ExtensibilityGlobals) = postSolution
		SolutionGuid = {AD09544A-09C0-4EA7-B711-B663576880C2}
	EndGlobalSection
EndGlobal
